
Microsoft Visual Studio Solution File, Format Version 12.00
# Visual Studio 15
VisualStudioVersion = 15.0.27130.2010
MinimumVisualStudioVersion = 10.0.40219.1
Project("{FAE04EC0-301F-11D3-BF4B-00C04F79EFBC}") = "OtelOtomasyonu", "OtelOtomasyonu\OtelOtomasyonu.csproj", "{509DC6F8-1C24-4BC4-8146-50BF87FACEDE}"
EndProject
Global
	GlobalSection(SolutionConfigurationPlatforms) = preSolution
		Debug|Any CPU = Debug|Any CPU
		Release|Any CPU = Release|Any CPU
	EndGlobalSection
	GlobalSection(ProjectConfigurationPlatforms) = postSolution
		{509DC6F8-1C24-4BC4-8146-50BF87FACEDE}.Debug|Any CPU.ActiveCfg = Debug|Any CPU
		{509DC6F8-1C24-4BC4-8146-50BF87FACEDE}.Debug|Any CPU.Build.0 = Debug|Any CPU
		{509DC6F8-1C24-4BC4-8146-50BF87FACEDE}.Release|Any CPU.ActiveCfg = Release|Any CPU
		{509DC6F8-1C24-4BC4-8146-50BF87FACEDE}.Release|Any CPU.Build.0 = Release|Any CPU
	EndGlobalSection
	GlobalSection(SolutionProperties) = preSolution
		HideSolutionNode = FALSE
	EndGlobalSection
	GlobalSection(ExtensibilityGlobals) = postSolution
		SolutionGuid = {BB6E71D5-A67B-469E-AFDE-2E08583EFC04}
	EndGlobalSection
EndGlobal
